
Microsoft Visual Studio Solution File, Format Version 12.00
# Visual Studio Version 16
VisualStudioVersion = 16.0.33529.622
MinimumVisualStudioVersion = 10.0.40219.1
Project("{FAE04EC0-301F-11D3-BF4B-00C04F79EFBC}") = "ConsoleApp", "ConsoleApp\ConsoleApp.csproj", "{C7D76476-D963-46BC-8903-51724A3B9DD0}"
EndProject
Project("{FAE04EC0-301F-11D3-BF4B-00C04F79EFBC}") = "Web", "Web\Web.csproj", "{0F1D6F8B-FD68-4722-B78E-BA19865BEFF5}"
EndProject
Global
	GlobalSection(SolutionConfigurationPlatforms) = preSolution
		Debug|Any CPU = Debug|Any CPU
		Release|Any CPU = Release|Any CPU
	EndGlobalSection
	GlobalSection(ProjectConfigurationPlatforms) = postSolution
		{C7D76476-D963-46BC-8903-51724A3B9DD0}.Debug|Any CPU.ActiveCfg = Debug|Any CPU
		{C7D76476-D963-46BC-8903-51724A3B9DD0}.Debug|Any CPU.Build.0 = Debug|Any CPU
		{C7D76476-D963-46BC-8903-51724A3B9DD0}.Release|Any CPU.ActiveCfg = Release|Any CPU
		{C7D76476-D963-46BC-8903-51724A3B9DD0}.Release|Any CPU.Build.0 = Release|Any CPU
		{0F1D6F8B-FD68-4722-B78E-BA19865BEFF5}.Debug|Any CPU.ActiveCfg = Debug|Any CPU
		{0F1D6F8B-FD68-4722-B78E-BA19865BEFF5}.Debug|Any CPU.Build.0 = Debug|Any CPU
		{0F1D6F8B-FD68-4722-B78E-BA19865BEFF5}.Release|Any CPU.ActiveCfg = Release|Any CPU
		{0F1D6F8B-FD68-4722-B78E-BA19865BEFF5}.Release|Any CPU.Build.0 = Release|Any CPU
	EndGlobalSection
	GlobalSection(SolutionProperties) = preSolution
		HideSolutionNode = FALSE
	EndGlobalSection
	GlobalSection(ExtensibilityGlobals) = postSolution
		SolutionGuid = {B428C69F-1A61-4F4B-96F0-80AEC2F470B0}
	EndGlobalSection
EndGlobal
